
Microsoft Visual Studio Solution File, Format Version 12.00
# Visual Studio Version 16
VisualStudioVersion = 16.0.31313.79
MinimumVisualStudioVersion = 10.0.40219.1
Project("{FAE04EC0-301F-11D3-BF4B-00C04F79EFBC}") = "Framework48.Selfhosted.MVC4.WebLib", "Framework48.Selfhosted.MVC4.WebLib\Framework48.Selfhosted.MVC4.WebLib.csproj", "{353914E9-45BD-4A85-AF3A-C232F74295A3}"
EndProject
Project("{FAE04EC0-301F-11D3-BF4B-00C04F79EFBC}") = "Framework48.IISHosted.API.WebApp", "Framework48.IISHosted.API.WebApp\Framework48.IISHosted.API.WebApp.csproj", "{91D69511-2C8E-4B56-A0E9-B2B84A18E89B}"
EndProject
Project("{FAE04EC0-301F-11D3-BF4B-00C04F79EFBC}") = "Framework48.IISHosted.MVC4.WebApp", "Framework48.IISHosted.MVC4.WebApp\Framework48.IISHosted.MVC4.WebApp.csproj", "{FE7BBF6D-1A99-4B7F-9751-D32FAC08AE36}"
EndProject
Project("{FAE04EC0-301F-11D3-BF4B-00C04F79EFBC}") = "Framework48.IISHosted.SPA.WebApp", "Framework48.IISHosted.SPA.WebApp\Framework48.IISHosted.SPA.WebApp.csproj", "{0CC2E784-56A5-4DD6-91C1-273D96DC99E6}"
EndProject
Project("{FAE04EC0-301F-11D3-BF4B-00C04F79EFBC}") = "Framework45.Selfhosted.API.WebApp", "Framework45.Selfhosted.API.WebApp\Framework45.Selfhosted.API.WebApp.csproj", "{C6798F81-0E2C-40D2-9571-C0AEDAB9AFD6}"
EndProject
Project("{FAE04EC0-301F-11D3-BF4B-00C04F79EFBC}") = "Framework48.Selfhosted.API.WebApp", "Framework48.Selfhosted.API.WebApp\Framework48.Selfhosted.API.WebApp.csproj", "{E0902379-1A6D-4EB2-A69D-6AAB00D8CC1D}"
EndProject
Global
	GlobalSection(SolutionConfigurationPlatforms) = preSolution
		Debug|Any CPU = Debug|Any CPU
		Release|Any CPU = Release|Any CPU
	EndGlobalSection
	GlobalSection(ProjectConfigurationPlatforms) = postSolution
		{353914E9-45BD-4A85-AF3A-C232F74295A3}.Debug|Any CPU.ActiveCfg = Debug|Any CPU
		{353914E9-45BD-4A85-AF3A-C232F74295A3}.Debug|Any CPU.Build.0 = Debug|Any CPU
		{353914E9-45BD-4A85-AF3A-C232F74295A3}.Release|Any CPU.ActiveCfg = Release|Any CPU
		{353914E9-45BD-4A85-AF3A-C232F74295A3}.Release|Any CPU.Build.0 = Release|Any CPU
		{91D69511-2C8E-4B56-A0E9-B2B84A18E89B}.Debug|Any CPU.ActiveCfg = Debug|Any CPU
		{91D69511-2C8E-4B56-A0E9-B2B84A18E89B}.Debug|Any CPU.Build.0 = Debug|Any CPU
		{91D69511-2C8E-4B56-A0E9-B2B84A18E89B}.Release|Any CPU.ActiveCfg = Release|Any CPU
		{91D69511-2C8E-4B56-A0E9-B2B84A18E89B}.Release|Any CPU.Build.0 = Release|Any CPU
		{FE7BBF6D-1A99-4B7F-9751-D32FAC08AE36}.Debug|Any CPU.ActiveCfg = Debug|Any CPU
		{FE7BBF6D-1A99-4B7F-9751-D32FAC08AE36}.Debug|Any CPU.Build.0 = Debug|Any CPU
		{FE7BBF6D-1A99-4B7F-9751-D32FAC08AE36}.Release|Any CPU.ActiveCfg = Release|Any CPU
		{FE7BBF6D-1A99-4B7F-9751-D32FAC08AE36}.Release|Any CPU.Build.0 = Release|Any CPU
		{0CC2E784-56A5-4DD6-91C1-273D96DC99E6}.Debug|Any CPU.ActiveCfg = Debug|Any CPU
		{0CC2E784-56A5-4DD6-91C1-273D96DC99E6}.Debug|Any CPU.Build.0 = Debug|Any CPU
		{0CC2E784-56A5-4DD6-91C1-273D96DC99E6}.Release|Any CPU.ActiveCfg = Release|Any CPU
		{0CC2E784-56A5-4DD6-91C1-273D96DC99E6}.Release|Any CPU.Build.0 = Release|Any CPU
		{C6798F81-0E2C-40D2-9571-C0AEDAB9AFD6}.Debug|Any CPU.ActiveCfg = Debug|Any CPU
		{C6798F81-0E2C-40D2-9571-C0AEDAB9AFD6}.Debug|Any CPU.Build.0 = Debug|Any CPU
		{C6798F81-0E2C-40D2-9571-C0AEDAB9AFD6}.Release|Any CPU.ActiveCfg = Release|Any CPU
		{C6798F81-0E2C-40D2-9571-C0AEDAB9AFD6}.Release|Any CPU.Build.0 = Release|Any CPU
		{E0902379-1A6D-4EB2-A69D-6AAB00D8CC1D}.Debug|Any CPU.ActiveCfg = Debug|Any CPU
		{E0902379-1A6D-4EB2-A69D-6AAB00D8CC1D}.Debug|Any CPU.Build.0 = Debug|Any CPU
		{E0902379-1A6D-4EB2-A69D-6AAB00D8CC1D}.Release|Any CPU.ActiveCfg = Release|Any CPU
		{E0902379-1A6D-4EB2-A69D-6AAB00D8CC1D}.Release|Any CPU.Build.0 = Release|Any CPU
	EndGlobalSection
	GlobalSection(SolutionProperties) = preSolution
		HideSolutionNode = FALSE
	EndGlobalSection
	GlobalSection(ExtensibilityGlobals) = postSolution
		SolutionGuid = {7AC7046E-258A-4310-96D4-07D2449EA389}
	EndGlobalSection
EndGlobal
